
Microsoft Visual Studio Solution File, Format Version 12.00
# Visual Studio Version 16
VisualStudioVersion = 16.0.34301.259
MinimumVisualStudioVersion = 10.0.40219.1
Project("{FAE04EC0-301F-11D3-BF4B-00C04F79EFBC}") = "4thcoordinateRectangle", "4thcoordinateRectangle\4thcoordinateRectangle\4thcoordinateRectangle.csproj", "{6CC7F9C3-79EE-48A4-8990-203F6EE20F66}"
EndProject
Project("{FAE04EC0-301F-11D3-BF4B-00C04F79EFBC}") = "3 dots ABC", "3 dots ABC\3 dots ABC\3 dots ABC.csproj", "{8B00C742-3C41-4023-B444-E8D727C8B4B2}"
EndProject
Project("{FAE04EC0-301F-11D3-BF4B-00C04F79EFBC}") = "Numerals", "Numerals\Numerals\Numerals.csproj", "{D14EF36B-DFE6-4CD0-8627-0FA42AFB27C3}"
EndProject
Global
	GlobalSection(SolutionConfigurationPlatforms) = preSolution
		Debug|Any CPU = Debug|Any CPU
		Release|Any CPU = Release|Any CPU
	EndGlobalSection
	GlobalSection(ProjectConfigurationPlatforms) = postSolution
		{6CC7F9C3-79EE-48A4-8990-203F6EE20F66}.Debug|Any CPU.ActiveCfg = Debug|Any CPU
		{6CC7F9C3-79EE-48A4-8990-203F6EE20F66}.Debug|Any CPU.Build.0 = Debug|Any CPU
		{6CC7F9C3-79EE-48A4-8990-203F6EE20F66}.Release|Any CPU.ActiveCfg = Release|Any CPU
		{6CC7F9C3-79EE-48A4-8990-203F6EE20F66}.Release|Any CPU.Build.0 = Release|Any CPU
		{8B00C742-3C41-4023-B444-E8D727C8B4B2}.Debug|Any CPU.ActiveCfg = Debug|Any CPU
		{8B00C742-3C41-4023-B444-E8D727C8B4B2}.Debug|Any CPU.Build.0 = Debug|Any CPU
		{8B00C742-3C41-4023-B444-E8D727C8B4B2}.Release|Any CPU.ActiveCfg = Release|Any CPU
		{8B00C742-3C41-4023-B444-E8D727C8B4B2}.Release|Any CPU.Build.0 = Release|Any CPU
		{D14EF36B-DFE6-4CD0-8627-0FA42AFB27C3}.Debug|Any CPU.ActiveCfg = Debug|Any CPU
		{D14EF36B-DFE6-4CD0-8627-0FA42AFB27C3}.Debug|Any CPU.Build.0 = Debug|Any CPU
		{D14EF36B-DFE6-4CD0-8627-0FA42AFB27C3}.Release|Any CPU.ActiveCfg = Release|Any CPU
		{D14EF36B-DFE6-4CD0-8627-0FA42AFB27C3}.Release|Any CPU.Build.0 = Release|Any CPU
	EndGlobalSection
	GlobalSection(SolutionProperties) = preSolution
		HideSolutionNode = FALSE
	EndGlobalSection
	GlobalSection(ExtensibilityGlobals) = postSolution
		SolutionGuid = {97FF3846-170D-4C30-AAB9-4B1DB134239B}
	EndGlobalSection
EndGlobal
